
Microsoft Visual Studio Solution File, Format Version 12.00
# Visual Studio Version 16
VisualStudioVersion = 16.0.32002.261
MinimumVisualStudioVersion = 10.0.40219.1
Project("{FAE04EC0-301F-11D3-BF4B-00C04F79EFBC}") = "ArrayList", "App01\ArrayList.csproj", "{98EC2CB2-1202-42D2-BF28-EC7B40E68305}"
EndProject
Project("{FAE04EC0-301F-11D3-BF4B-00C04F79EFBC}") = "Methods", "Methods\Methods.csproj", "{C90E519E-CC42-4418-B93B-FB8ED7585A43}"
EndProject
Project("{FAE04EC0-301F-11D3-BF4B-00C04F79EFBC}") = "If - Else Statements", "If - Else Statements\If - Else Statements.csproj", "{42DA0344-1759-414D-B585-EC32D9637BF2}"
EndProject
Project("{FAE04EC0-301F-11D3-BF4B-00C04F79EFBC}") = "Switch Statements", "Switch Statements\Switch Statements.csproj", "{3A2C34A0-1D72-4AF6-9488-F53288336223}"
EndProject
Project("{FAE04EC0-301F-11D3-BF4B-00C04F79EFBC}") = "While Loops", "While Loops\While Loops.csproj", "{66711135-5C35-44D3-95FB-FF623BD7CC96}"
EndProject
Project("{FAE04EC0-301F-11D3-BF4B-00C04F79EFBC}") = "For Loops", "For Loops\For Loops.csproj", "{F283C115-6FEC-4D6F-9174-ED3ED9AABD3A}"
EndProject
Project("{FAE04EC0-301F-11D3-BF4B-00C04F79EFBC}") = "Object And Classes", "Object And Classes\Object And Classes.csproj", "{E8D2F445-3429-45DC-AF4C-30A865E0BF98}"
EndProject
Project("{FAE04EC0-301F-11D3-BF4B-00C04F79EFBC}") = "Structure Method", "Structure Method\Structure Method.csproj", "{38A69051-48A5-4228-B3CF-23D6BB20BAA3}"
EndProject
Project("{FAE04EC0-301F-11D3-BF4B-00C04F79EFBC}") = "Inheritance", "Inheritance\Inheritance.csproj", "{FFD9C796-C530-4A0E-96BD-3C84FFEB583A}"
EndProject
Project("{FAE04EC0-301F-11D3-BF4B-00C04F79EFBC}") = "Inheritance and Structure and Attributes", "Inheritance and Structure and Attributes\Inheritance and Structure and Attributes.csproj", "{B60383EA-7EEF-4DFD-B62B-2FD4044E42CE}"
EndProject
Project("{FAE04EC0-301F-11D3-BF4B-00C04F79EFBC}") = "Abstract Class And Attributes", "Abstract Class And Attributes\Abstract Class And Attributes.csproj", "{0D312D41-9174-44AB-9D13-1BB4DE9EB89E}"
EndProject
Project("{FAE04EC0-301F-11D3-BF4B-00C04F79EFBC}") = "Interface And Interface Inheritance", "Interface And Interface Inheritance\Interface And Interface Inheritance.csproj", "{E90DB7A6-9CAD-4F7A-8E1B-10E65117E2A1}"
EndProject
Global
	GlobalSection(SolutionConfigurationPlatforms) = preSolution
		Debug|Any CPU = Debug|Any CPU
		Release|Any CPU = Release|Any CPU
	EndGlobalSection
	GlobalSection(ProjectConfigurationPlatforms) = postSolution
		{98EC2CB2-1202-42D2-BF28-EC7B40E68305}.Debug|Any CPU.ActiveCfg = Debug|Any CPU
		{98EC2CB2-1202-42D2-BF28-EC7B40E68305}.Debug|Any CPU.Build.0 = Debug|Any CPU
		{98EC2CB2-1202-42D2-BF28-EC7B40E68305}.Release|Any CPU.ActiveCfg = Release|Any CPU
		{98EC2CB2-1202-42D2-BF28-EC7B40E68305}.Release|Any CPU.Build.0 = Release|Any CPU
		{C90E519E-CC42-4418-B93B-FB8ED7585A43}.Debug|Any CPU.ActiveCfg = Debug|Any CPU
		{C90E519E-CC42-4418-B93B-FB8ED7585A43}.Debug|Any CPU.Build.0 = Debug|Any CPU
		{C90E519E-CC42-4418-B93B-FB8ED7585A43}.Release|Any CPU.ActiveCfg = Release|Any CPU
		{C90E519E-CC42-4418-B93B-FB8ED7585A43}.Release|Any CPU.Build.0 = Release|Any CPU
		{42DA0344-1759-414D-B585-EC32D9637BF2}.Debug|Any CPU.ActiveCfg = Debug|Any CPU
		{42DA0344-1759-414D-B585-EC32D9637BF2}.Debug|Any CPU.Build.0 = Debug|Any CPU
		{42DA0344-1759-414D-B585-EC32D9637BF2}.Release|Any CPU.ActiveCfg = Release|Any CPU
		{42DA0344-1759-414D-B585-EC32D9637BF2}.Release|Any CPU.Build.0 = Release|Any CPU
		{3A2C34A0-1D72-4AF6-9488-F53288336223}.Debug|Any CPU.ActiveCfg = Debug|Any CPU
		{3A2C34A0-1D72-4AF6-9488-F53288336223}.Debug|Any CPU.Build.0 = Debug|Any CPU
		{3A2C34A0-1D72-4AF6-9488-F53288336223}.Release|Any CPU.ActiveCfg = Release|Any CPU
		{3A2C34A0-1D72-4AF6-9488-F53288336223}.Release|Any CPU.Build.0 = Release|Any CPU
		{66711135-5C35-44D3-95FB-FF623BD7CC96}.Debug|Any CPU.ActiveCfg = Debug|Any CPU
		{66711135-5C35-44D3-95FB-FF623BD7CC96}.Debug|Any CPU.Build.0 = Debug|Any CPU
		{66711135-5C35-44D3-95FB-FF623BD7CC96}.Release|Any CPU.ActiveCfg = Release|Any CPU
		{66711135-5C35-44D3-95FB-FF623BD7CC96}.Release|Any CPU.Build.0 = Release|Any CPU
		{F283C115-6FEC-4D6F-9174-ED3ED9AABD3A}.Debug|Any CPU.ActiveCfg = Debug|Any CPU
		{F283C115-6FEC-4D6F-9174-ED3ED9AABD3A}.Debug|Any CPU.Build.0 = Debug|Any CPU
		{F283C115-6FEC-4D6F-9174-ED3ED9AABD3A}.Release|Any CPU.ActiveCfg = Release|Any CPU
		{F283C115-6FEC-4D6F-9174-ED3ED9AABD3A}.Release|Any CPU.Build.0 = Release|Any CPU
		{E8D2F445-3429-45DC-AF4C-30A865E0BF98}.Debug|Any CPU.ActiveCfg = Debug|Any CPU
		{E8D2F445-3429-45DC-AF4C-30A865E0BF98}.Debug|Any CPU.Build.0 = Debug|Any CPU
		{E8D2F445-3429-45DC-AF4C-30A865E0BF98}.Release|Any CPU.ActiveCfg = Release|Any CPU
		{E8D2F445-3429-45DC-AF4C-30A865E0BF98}.Release|Any CPU.Build.0 = Release|Any CPU
		{38A69051-48A5-4228-B3CF-23D6BB20BAA3}.Debug|Any CPU.ActiveCfg = Debug|Any CPU
		{38A69051-48A5-4228-B3CF-23D6BB20BAA3}.Debug|Any CPU.Build.0 = Debug|Any CPU
		{38A69051-48A5-4228-B3CF-23D6BB20BAA3}.Release|Any CPU.ActiveCfg = Release|Any CPU
		{38A69051-48A5-4228-B3CF-23D6BB20BAA3}.Release|Any CPU.Build.0 = Release|Any CPU
		{FFD9C796-C530-4A0E-96BD-3C84FFEB583A}.Debug|Any CPU.ActiveCfg = Debug|Any CPU
		{FFD9C796-C530-4A0E-96BD-3C84FFEB583A}.Debug|Any CPU.Build.0 = Debug|Any CPU
		{FFD9C796-C530-4A0E-96BD-3C84FFEB583A}.Release|Any CPU.ActiveCfg = Release|Any CPU
		{FFD9C796-C530-4A0E-96BD-3C84FFEB583A}.Release|Any CPU.Build.0 = Release|Any CPU
		{B60383EA-7EEF-4DFD-B62B-2FD4044E42CE}.Debug|Any CPU.ActiveCfg = Debug|Any CPU
		{B60383EA-7EEF-4DFD-B62B-2FD4044E42CE}.Debug|Any CPU.Build.0 = Debug|Any CPU
		{B60383EA-7EEF-4DFD-B62B-2FD4044E42CE}.Release|Any CPU.ActiveCfg = Release|Any CPU
		{B60383EA-7EEF-4DFD-B62B-2FD4044E42CE}.Release|Any CPU.Build.0 = Release|Any CPU
		{0D312D41-9174-44AB-9D13-1BB4DE9EB89E}.Debug|Any CPU.ActiveCfg = Debug|Any CPU
		{0D312D41-9174-44AB-9D13-1BB4DE9EB89E}.Debug|Any CPU.Build.0 = Debug|Any CPU
		{0D312D41-9174-44AB-9D13-1BB4DE9EB89E}.Release|Any CPU.ActiveCfg = Release|Any CPU
		{0D312D41-9174-44AB-9D13-1BB4DE9EB89E}.Release|Any CPU.Build.0 = Release|Any CPU
		{E90DB7A6-9CAD-4F7A-8E1B-10E65117E2A1}.Debug|Any CPU.ActiveCfg = Debug|Any CPU
		{E90DB7A6-9CAD-4F7A-8E1B-10E65117E2A1}.Debug|Any CPU.Build.0 = Debug|Any CPU
		{E90DB7A6-9CAD-4F7A-8E1B-10E65117E2A1}.Release|Any CPU.ActiveCfg = Release|Any CPU
		{E90DB7A6-9CAD-4F7A-8E1B-10E65117E2A1}.Release|Any CPU.Build.0 = Release|Any CPU
	EndGlobalSection
	GlobalSection(SolutionProperties) = preSolution
		HideSolutionNode = FALSE
	EndGlobalSection
	GlobalSection(ExtensibilityGlobals) = postSolution
		SolutionGuid = {2BA963A1-3C22-4DF9-A59D-B8BCE5091DB5}
	EndGlobalSection
EndGlobal
