
Microsoft Visual Studio Solution File, Format Version 12.00
# Visual Studio Version 17
VisualStudioVersion = 17.3.32922.545
MinimumVisualStudioVersion = 10.0.40219.1
Project("{9A19103F-16F7-4668-BE54-9A1E7A4F7556}") = "SoftUniParking", "SoftUniParking.csproj", "{63C1E18E-3C68-4C82-B8E4-04E730DC439A}"
EndProject
Global
	GlobalSection(SolutionConfigurationPlatforms) = preSolution
		Debug|Any CPU = Debug|Any CPU
		Release|Any CPU = Release|Any CPU
	EndGlobalSection
	GlobalSection(ProjectConfigurationPlatforms) = postSolution
		{63C1E18E-3C68-4C82-B8E4-04E730DC439A}.Debug|Any CPU.ActiveCfg = Debug|Any CPU
		{63C1E18E-3C68-4C82-B8E4-04E730DC439A}.Debug|Any CPU.Build.0 = Debug|Any CPU
		{63C1E18E-3C68-4C82-B8E4-04E730DC439A}.Release|Any CPU.ActiveCfg = Release|Any CPU
		{63C1E18E-3C68-4C82-B8E4-04E730DC439A}.Release|Any CPU.Build.0 = Release|Any CPU
	EndGlobalSection
	GlobalSection(SolutionProperties) = preSolution
		HideSolutionNode = FALSE
	EndGlobalSection
	GlobalSection(ExtensibilityGlobals) = postSolution
		SolutionGuid = {F8E8A5C3-6A6E-4265-8ADE-08CF18BDB819}
	EndGlobalSection
EndGlobal
