
Microsoft Visual Studio Solution File, Format Version 12.00
# Visual Studio Version 17
VisualStudioVersion = 17.3.32922.545
MinimumVisualStudioVersion = 10.0.40219.1
Project("{FAE04EC0-301F-11D3-BF4B-00C04F79EFBC}") = "01. Action Print", "01. Action Print\01. Action Print.csproj", "{C764DB75-EE14-4B67-811E-B8DA5CA03EA5}"
EndProject
Project("{FAE04EC0-301F-11D3-BF4B-00C04F79EFBC}") = "02. Knights of Honor", "02. Knights of Honor\02. Knights of Honor.csproj", "{AE706ED2-7A9C-4C38-AD8F-59BE03FF0613}"
EndProject
Global
	GlobalSection(SolutionConfigurationPlatforms) = preSolution
		Debug|Any CPU = Debug|Any CPU
		Release|Any CPU = Release|Any CPU
	EndGlobalSection
	GlobalSection(ProjectConfigurationPlatforms) = postSolution
		{C764DB75-EE14-4B67-811E-B8DA5CA03EA5}.Debug|Any CPU.ActiveCfg = Debug|Any CPU
		{C764DB75-EE14-4B67-811E-B8DA5CA03EA5}.Debug|Any CPU.Build.0 = Debug|Any CPU
		{C764DB75-EE14-4B67-811E-B8DA5CA03EA5}.Release|Any CPU.ActiveCfg = Release|Any CPU
		{C764DB75-EE14-4B67-811E-B8DA5CA03EA5}.Release|Any CPU.Build.0 = Release|Any CPU
		{AE706ED2-7A9C-4C38-AD8F-59BE03FF0613}.Debug|Any CPU.ActiveCfg = Debug|Any CPU
		{AE706ED2-7A9C-4C38-AD8F-59BE03FF0613}.Debug|Any CPU.Build.0 = Debug|Any CPU
		{AE706ED2-7A9C-4C38-AD8F-59BE03FF0613}.Release|Any CPU.ActiveCfg = Release|Any CPU
		{AE706ED2-7A9C-4C38-AD8F-59BE03FF0613}.Release|Any CPU.Build.0 = Release|Any CPU
	EndGlobalSection
	GlobalSection(SolutionProperties) = preSolution
		HideSolutionNode = FALSE
	EndGlobalSection
	GlobalSection(ExtensibilityGlobals) = postSolution
		SolutionGuid = {41BC5F34-ADB7-44AE-AB4E-1392E7B7D71A}
	EndGlobalSection
EndGlobal
