
Microsoft Visual Studio Solution File, Format Version 12.00
# Visual Studio Version 17
VisualStudioVersion = 17.3.32922.545
MinimumVisualStudioVersion = 10.0.40219.1
Project("{FAE04EC0-301F-11D3-BF4B-00C04F79EFBC}") = "BoxOfT", "01. Box\BoxOfT.csproj", "{309BB447-21C5-4B60-86F6-B5E85A714BC2}"
EndProject
Project("{FAE04EC0-301F-11D3-BF4B-00C04F79EFBC}") = "GenericArrayCreator", "GenericArrayCreator\GenericArrayCreator.csproj", "{3939F38E-80C7-40B9-BCCC-DC4364E7F61B}"
EndProject
Project("{FAE04EC0-301F-11D3-BF4B-00C04F79EFBC}") = "GenericScale", "GenericScale\GenericScale.csproj", "{9DA6F8F3-C6F0-402C-BAD6-6C5C06DE9F7E}"
EndProject
Global
	GlobalSection(SolutionConfigurationPlatforms) = preSolution
		Debug|Any CPU = Debug|Any CPU
		Release|Any CPU = Release|Any CPU
	EndGlobalSection
	GlobalSection(ProjectConfigurationPlatforms) = postSolution
		{309BB447-21C5-4B60-86F6-B5E85A714BC2}.Debug|Any CPU.ActiveCfg = Debug|Any CPU
		{309BB447-21C5-4B60-86F6-B5E85A714BC2}.Debug|Any CPU.Build.0 = Debug|Any CPU
		{309BB447-21C5-4B60-86F6-B5E85A714BC2}.Release|Any CPU.ActiveCfg = Release|Any CPU
		{309BB447-21C5-4B60-86F6-B5E85A714BC2}.Release|Any CPU.Build.0 = Release|Any CPU
		{3939F38E-80C7-40B9-BCCC-DC4364E7F61B}.Debug|Any CPU.ActiveCfg = Debug|Any CPU
		{3939F38E-80C7-40B9-BCCC-DC4364E7F61B}.Debug|Any CPU.Build.0 = Debug|Any CPU
		{3939F38E-80C7-40B9-BCCC-DC4364E7F61B}.Release|Any CPU.ActiveCfg = Release|Any CPU
		{3939F38E-80C7-40B9-BCCC-DC4364E7F61B}.Release|Any CPU.Build.0 = Release|Any CPU
		{9DA6F8F3-C6F0-402C-BAD6-6C5C06DE9F7E}.Debug|Any CPU.ActiveCfg = Debug|Any CPU
		{9DA6F8F3-C6F0-402C-BAD6-6C5C06DE9F7E}.Debug|Any CPU.Build.0 = Debug|Any CPU
		{9DA6F8F3-C6F0-402C-BAD6-6C5C06DE9F7E}.Release|Any CPU.ActiveCfg = Release|Any CPU
		{9DA6F8F3-C6F0-402C-BAD6-6C5C06DE9F7E}.Release|Any CPU.Build.0 = Release|Any CPU
	EndGlobalSection
	GlobalSection(SolutionProperties) = preSolution
		HideSolutionNode = FALSE
	EndGlobalSection
	GlobalSection(ExtensibilityGlobals) = postSolution
		SolutionGuid = {DC071862-34D5-4FF5-9E4D-580532AC71B4}
	EndGlobalSection
EndGlobal
