
Microsoft Visual Studio Solution File, Format Version 12.00
# Visual Studio Version 17
VisualStudioVersion = 17.4.33110.190
MinimumVisualStudioVersion = 10.0.40219.1
Project("{9A19103F-16F7-4668-BE54-9A1E7A4F7556}") = "UnitTesting", "UnitTesting\UnitTesting.csproj", "{C7E1A123-8EDC-4215-B996-3B844C7C238B}"
EndProject
Project("{9A19103F-16F7-4668-BE54-9A1E7A4F7556}") = "UnitTestingTests", "UnitTestingTests\UnitTestingTests.csproj", "{9F423B9C-0AE0-4D72-A88D-C1C9A3EFDCEA}"
EndProject
Project("{9A19103F-16F7-4668-BE54-9A1E7A4F7556}") = "BookingTests", "BookingTests\BookingTests.csproj", "{917C1556-5EEE-4488-913B-549B7906142F}"
EndProject
Project("{FAE04EC0-301F-11D3-BF4B-00C04F79EFBC}") = "TestSetupAndTearDown", "TestSetupAndTearDown\TestSetupAndTearDown.csproj", "{0E08DB37-4918-47DD-A0EA-B3401732517B}"
EndProject
Project("{FAE04EC0-301F-11D3-BF4B-00C04F79EFBC}") = "DiscountsTests", "DiscountsTests\DiscountsTests.csproj", "{CA755C3D-A373-4E65-82F4-92C12442090B}"
EndProject
Project("{9A19103F-16F7-4668-BE54-9A1E7A4F7556}") = "Skeleton", "01. Test Axe_Skeleton\Skeleton\Skeleton.csproj", "{1071D410-71E2-49F7-AC16-55C6841B5A06}"
EndProject
Project("{9A19103F-16F7-4668-BE54-9A1E7A4F7556}") = "Skeleton.Tests", "01. Test Axe_Skeleton\Skeleton.Tests\Skeleton.Tests.csproj", "{713186C5-F567-4B43-AAD1-64809B3937A1}"
EndProject
Global
	GlobalSection(SolutionConfigurationPlatforms) = preSolution
		Debug|Any CPU = Debug|Any CPU
		Release|Any CPU = Release|Any CPU
	EndGlobalSection
	GlobalSection(ProjectConfigurationPlatforms) = postSolution
		{C7E1A123-8EDC-4215-B996-3B844C7C238B}.Debug|Any CPU.ActiveCfg = Debug|Any CPU
		{C7E1A123-8EDC-4215-B996-3B844C7C238B}.Debug|Any CPU.Build.0 = Debug|Any CPU
		{C7E1A123-8EDC-4215-B996-3B844C7C238B}.Release|Any CPU.ActiveCfg = Release|Any CPU
		{C7E1A123-8EDC-4215-B996-3B844C7C238B}.Release|Any CPU.Build.0 = Release|Any CPU
		{9F423B9C-0AE0-4D72-A88D-C1C9A3EFDCEA}.Debug|Any CPU.ActiveCfg = Debug|Any CPU
		{9F423B9C-0AE0-4D72-A88D-C1C9A3EFDCEA}.Debug|Any CPU.Build.0 = Debug|Any CPU
		{9F423B9C-0AE0-4D72-A88D-C1C9A3EFDCEA}.Release|Any CPU.ActiveCfg = Release|Any CPU
		{9F423B9C-0AE0-4D72-A88D-C1C9A3EFDCEA}.Release|Any CPU.Build.0 = Release|Any CPU
		{917C1556-5EEE-4488-913B-549B7906142F}.Debug|Any CPU.ActiveCfg = Debug|Any CPU
		{917C1556-5EEE-4488-913B-549B7906142F}.Debug|Any CPU.Build.0 = Debug|Any CPU
		{917C1556-5EEE-4488-913B-549B7906142F}.Release|Any CPU.ActiveCfg = Release|Any CPU
		{917C1556-5EEE-4488-913B-549B7906142F}.Release|Any CPU.Build.0 = Release|Any CPU
		{0E08DB37-4918-47DD-A0EA-B3401732517B}.Debug|Any CPU.ActiveCfg = Debug|Any CPU
		{0E08DB37-4918-47DD-A0EA-B3401732517B}.Debug|Any CPU.Build.0 = Debug|Any CPU
		{0E08DB37-4918-47DD-A0EA-B3401732517B}.Release|Any CPU.ActiveCfg = Release|Any CPU
		{0E08DB37-4918-47DD-A0EA-B3401732517B}.Release|Any CPU.Build.0 = Release|Any CPU
		{CA755C3D-A373-4E65-82F4-92C12442090B}.Debug|Any CPU.ActiveCfg = Debug|Any CPU
		{CA755C3D-A373-4E65-82F4-92C12442090B}.Debug|Any CPU.Build.0 = Debug|Any CPU
		{CA755C3D-A373-4E65-82F4-92C12442090B}.Release|Any CPU.ActiveCfg = Release|Any CPU
		{CA755C3D-A373-4E65-82F4-92C12442090B}.Release|Any CPU.Build.0 = Release|Any CPU
		{1071D410-71E2-49F7-AC16-55C6841B5A06}.Debug|Any CPU.ActiveCfg = Debug|Any CPU
		{1071D410-71E2-49F7-AC16-55C6841B5A06}.Debug|Any CPU.Build.0 = Debug|Any CPU
		{1071D410-71E2-49F7-AC16-55C6841B5A06}.Release|Any CPU.ActiveCfg = Release|Any CPU
		{1071D410-71E2-49F7-AC16-55C6841B5A06}.Release|Any CPU.Build.0 = Release|Any CPU
		{713186C5-F567-4B43-AAD1-64809B3937A1}.Debug|Any CPU.ActiveCfg = Debug|Any CPU
		{713186C5-F567-4B43-AAD1-64809B3937A1}.Debug|Any CPU.Build.0 = Debug|Any CPU
		{713186C5-F567-4B43-AAD1-64809B3937A1}.Release|Any CPU.ActiveCfg = Release|Any CPU
		{713186C5-F567-4B43-AAD1-64809B3937A1}.Release|Any CPU.Build.0 = Release|Any CPU
	EndGlobalSection
	GlobalSection(SolutionProperties) = preSolution
		HideSolutionNode = FALSE
	EndGlobalSection
	GlobalSection(ExtensibilityGlobals) = postSolution
		SolutionGuid = {ED579420-B039-4206-A5A8-21C4F4D6876B}
	EndGlobalSection
EndGlobal
