
Microsoft Visual Studio Solution File, Format Version 12.00
# Visual Studio Version 17
VisualStudioVersion = 17.3.32929.385
MinimumVisualStudioVersion = 10.0.40219.1
Project("{FAE04EC0-301F-11D3-BF4B-00C04F79EFBC}") = "01. Lootbox", "01. Lootbox\01. Lootbox.csproj", "{ABD0A7F6-FBA0-4465-88BF-14D3D8829E53}"
EndProject
Project("{9A19103F-16F7-4668-BE54-9A1E7A4F7556}") = "Guild", "03. Guild_Skeleton\Guild\Guild.csproj", "{BA49FECC-2282-40C0-9A6C-76088E279110}"
EndProject
Global
	GlobalSection(SolutionConfigurationPlatforms) = preSolution
		Debug|Any CPU = Debug|Any CPU
		Release|Any CPU = Release|Any CPU
	EndGlobalSection
	GlobalSection(ProjectConfigurationPlatforms) = postSolution
		{ABD0A7F6-FBA0-4465-88BF-14D3D8829E53}.Debug|Any CPU.ActiveCfg = Debug|Any CPU
		{ABD0A7F6-FBA0-4465-88BF-14D3D8829E53}.Debug|Any CPU.Build.0 = Debug|Any CPU
		{ABD0A7F6-FBA0-4465-88BF-14D3D8829E53}.Release|Any CPU.ActiveCfg = Release|Any CPU
		{ABD0A7F6-FBA0-4465-88BF-14D3D8829E53}.Release|Any CPU.Build.0 = Release|Any CPU
		{BA49FECC-2282-40C0-9A6C-76088E279110}.Debug|Any CPU.ActiveCfg = Debug|Any CPU
		{BA49FECC-2282-40C0-9A6C-76088E279110}.Debug|Any CPU.Build.0 = Debug|Any CPU
		{BA49FECC-2282-40C0-9A6C-76088E279110}.Release|Any CPU.ActiveCfg = Release|Any CPU
		{BA49FECC-2282-40C0-9A6C-76088E279110}.Release|Any CPU.Build.0 = Release|Any CPU
	EndGlobalSection
	GlobalSection(SolutionProperties) = preSolution
		HideSolutionNode = FALSE
	EndGlobalSection
	GlobalSection(ExtensibilityGlobals) = postSolution
		SolutionGuid = {50496B20-4661-4692-B7EB-09B51A647DBE}
	EndGlobalSection
EndGlobal
