
Microsoft Visual Studio Solution File, Format Version 12.00
# Visual Studio Version 17
VisualStudioVersion = 17.3.32929.385
MinimumVisualStudioVersion = 10.0.40219.1
Project("{FAE04EC0-301F-11D3-BF4B-00C04F79EFBC}") = "01.Persons", "01. Persons\01.Persons.csproj", "{A752391C-4729-46AA-BADA-F752B90254E5}"
EndProject
Project("{FAE04EC0-301F-11D3-BF4B-00C04F79EFBC}") = "02.Salary", "02.Salary\02.Salary.csproj", "{A637DF54-D4F6-4D36-8BBD-0BDBB17BED3C}"
EndProject
Project("{FAE04EC0-301F-11D3-BF4B-00C04F79EFBC}") = "03.Validation", "03.Validation\03.Validation.csproj", "{0A000CFC-163B-49D9-8828-FBC9B59C1B89}"
EndProject
Project("{FAE04EC0-301F-11D3-BF4B-00C04F79EFBC}") = "04.Team", "04.Team\04.Team.csproj", "{852D8F8A-B140-4A9F-92F4-200C3B45FD23}"
EndProject
Global
	GlobalSection(SolutionConfigurationPlatforms) = preSolution
		Debug|Any CPU = Debug|Any CPU
		Release|Any CPU = Release|Any CPU
	EndGlobalSection
	GlobalSection(ProjectConfigurationPlatforms) = postSolution
		{A752391C-4729-46AA-BADA-F752B90254E5}.Debug|Any CPU.ActiveCfg = Debug|Any CPU
		{A752391C-4729-46AA-BADA-F752B90254E5}.Debug|Any CPU.Build.0 = Debug|Any CPU
		{A752391C-4729-46AA-BADA-F752B90254E5}.Release|Any CPU.ActiveCfg = Release|Any CPU
		{A752391C-4729-46AA-BADA-F752B90254E5}.Release|Any CPU.Build.0 = Release|Any CPU
		{A637DF54-D4F6-4D36-8BBD-0BDBB17BED3C}.Debug|Any CPU.ActiveCfg = Debug|Any CPU
		{A637DF54-D4F6-4D36-8BBD-0BDBB17BED3C}.Debug|Any CPU.Build.0 = Debug|Any CPU
		{A637DF54-D4F6-4D36-8BBD-0BDBB17BED3C}.Release|Any CPU.ActiveCfg = Release|Any CPU
		{A637DF54-D4F6-4D36-8BBD-0BDBB17BED3C}.Release|Any CPU.Build.0 = Release|Any CPU
		{0A000CFC-163B-49D9-8828-FBC9B59C1B89}.Debug|Any CPU.ActiveCfg = Debug|Any CPU
		{0A000CFC-163B-49D9-8828-FBC9B59C1B89}.Debug|Any CPU.Build.0 = Debug|Any CPU
		{0A000CFC-163B-49D9-8828-FBC9B59C1B89}.Release|Any CPU.ActiveCfg = Release|Any CPU
		{0A000CFC-163B-49D9-8828-FBC9B59C1B89}.Release|Any CPU.Build.0 = Release|Any CPU
		{852D8F8A-B140-4A9F-92F4-200C3B45FD23}.Debug|Any CPU.ActiveCfg = Debug|Any CPU
		{852D8F8A-B140-4A9F-92F4-200C3B45FD23}.Debug|Any CPU.Build.0 = Debug|Any CPU
		{852D8F8A-B140-4A9F-92F4-200C3B45FD23}.Release|Any CPU.ActiveCfg = Release|Any CPU
		{852D8F8A-B140-4A9F-92F4-200C3B45FD23}.Release|Any CPU.Build.0 = Release|Any CPU
	EndGlobalSection
	GlobalSection(SolutionProperties) = preSolution
		HideSolutionNode = FALSE
	EndGlobalSection
	GlobalSection(ExtensibilityGlobals) = postSolution
		SolutionGuid = {59C55BDF-D6F3-4013-B47E-8C79EF980A16}
	EndGlobalSection
EndGlobal
