
Microsoft Visual Studio Solution File, Format Version 12.00
# Visual Studio Version 17
VisualStudioVersion = 17.3.32929.385
MinimumVisualStudioVersion = 10.0.40219.1
Project("{FAE04EC0-301F-11D3-BF4B-00C04F79EFBC}") = "Shapes", "Shapes\Shapes.csproj", "{CC6D6F4A-F6F2-4674-AE1B-A74071AD9BE7}"
EndProject
Project("{FAE04EC0-301F-11D3-BF4B-00C04F79EFBC}") = "Demo", "Demo\Demo.csproj", "{B89F0680-F697-42C4-AB2D-65CD89940653}"
EndProject
Project("{FAE04EC0-301F-11D3-BF4B-00C04F79EFBC}") = "AbstractClass", "AbstractClass\AbstractClass.csproj", "{CE801077-A39E-4A76-B47D-4C8638769B4D}"
EndProject
Project("{FAE04EC0-301F-11D3-BF4B-00C04F79EFBC}") = "Cars", "Cars\Cars.csproj", "{0732A923-5B6C-45CF-85BC-B0AFA066C86D}"
EndProject
Project("{FAE04EC0-301F-11D3-BF4B-00C04F79EFBC}") = "Game", "Game\Game.csproj", "{2F2B2EB6-660B-427D-A2FB-1BE4870A74A2}"
EndProject
Global
	GlobalSection(SolutionConfigurationPlatforms) = preSolution
		Debug|Any CPU = Debug|Any CPU
		Release|Any CPU = Release|Any CPU
	EndGlobalSection
	GlobalSection(ProjectConfigurationPlatforms) = postSolution
		{CC6D6F4A-F6F2-4674-AE1B-A74071AD9BE7}.Debug|Any CPU.ActiveCfg = Debug|Any CPU
		{CC6D6F4A-F6F2-4674-AE1B-A74071AD9BE7}.Debug|Any CPU.Build.0 = Debug|Any CPU
		{CC6D6F4A-F6F2-4674-AE1B-A74071AD9BE7}.Release|Any CPU.ActiveCfg = Release|Any CPU
		{CC6D6F4A-F6F2-4674-AE1B-A74071AD9BE7}.Release|Any CPU.Build.0 = Release|Any CPU
		{B89F0680-F697-42C4-AB2D-65CD89940653}.Debug|Any CPU.ActiveCfg = Debug|Any CPU
		{B89F0680-F697-42C4-AB2D-65CD89940653}.Debug|Any CPU.Build.0 = Debug|Any CPU
		{B89F0680-F697-42C4-AB2D-65CD89940653}.Release|Any CPU.ActiveCfg = Release|Any CPU
		{B89F0680-F697-42C4-AB2D-65CD89940653}.Release|Any CPU.Build.0 = Release|Any CPU
		{CE801077-A39E-4A76-B47D-4C8638769B4D}.Debug|Any CPU.ActiveCfg = Debug|Any CPU
		{CE801077-A39E-4A76-B47D-4C8638769B4D}.Debug|Any CPU.Build.0 = Debug|Any CPU
		{CE801077-A39E-4A76-B47D-4C8638769B4D}.Release|Any CPU.ActiveCfg = Release|Any CPU
		{CE801077-A39E-4A76-B47D-4C8638769B4D}.Release|Any CPU.Build.0 = Release|Any CPU
		{0732A923-5B6C-45CF-85BC-B0AFA066C86D}.Debug|Any CPU.ActiveCfg = Debug|Any CPU
		{0732A923-5B6C-45CF-85BC-B0AFA066C86D}.Debug|Any CPU.Build.0 = Debug|Any CPU
		{0732A923-5B6C-45CF-85BC-B0AFA066C86D}.Release|Any CPU.ActiveCfg = Release|Any CPU
		{0732A923-5B6C-45CF-85BC-B0AFA066C86D}.Release|Any CPU.Build.0 = Release|Any CPU
		{2F2B2EB6-660B-427D-A2FB-1BE4870A74A2}.Debug|Any CPU.ActiveCfg = Debug|Any CPU
		{2F2B2EB6-660B-427D-A2FB-1BE4870A74A2}.Debug|Any CPU.Build.0 = Debug|Any CPU
		{2F2B2EB6-660B-427D-A2FB-1BE4870A74A2}.Release|Any CPU.ActiveCfg = Release|Any CPU
		{2F2B2EB6-660B-427D-A2FB-1BE4870A74A2}.Release|Any CPU.Build.0 = Release|Any CPU
	EndGlobalSection
	GlobalSection(SolutionProperties) = preSolution
		HideSolutionNode = FALSE
	EndGlobalSection
	GlobalSection(ExtensibilityGlobals) = postSolution
		SolutionGuid = {50C9F251-B47D-4B69-ACC7-545D6DDD022A}
	EndGlobalSection
EndGlobal
