
Microsoft Visual Studio Solution File, Format Version 12.00
# Visual Studio Version 16
VisualStudioVersion = 16.0.32002.261
MinimumVisualStudioVersion = 10.0.40219.1
Project("{FAE04EC0-301F-11D3-BF4B-00C04F79EFBC}") = "1. Reverse a String", "1. Reverse a String\1. Reverse a String.csproj", "{65A324C7-1186-4DE3-A466-39483F5EB3EC}"
EndProject
Project("{FAE04EC0-301F-11D3-BF4B-00C04F79EFBC}") = "2. Stack Sum", "2. Stack Sum\2. Stack Sum.csproj", "{707D5932-DE39-4210-B928-97993DCAE62F}"
EndProject
Project("{FAE04EC0-301F-11D3-BF4B-00C04F79EFBC}") = "3. Simple Calculator", "3. Simple Calculator\3. Simple Calculator.csproj", "{C6C7DF6C-39E7-4237-850E-3940428AF31A}"
EndProject
Project("{FAE04EC0-301F-11D3-BF4B-00C04F79EFBC}") = "4. Matching Brackets", "4. Matching Brackets\4. Matching Brackets.csproj", "{2D190485-B9A4-4E8E-B77F-285031DE19BB}"
EndProject
Project("{FAE04EC0-301F-11D3-BF4B-00C04F79EFBC}") = "8. Traffic Jam", "8. Traffic Jam\8. Traffic Jam.csproj", "{AD4C12D6-14BB-4895-BB37-EE7B6218AB82}"
EndProject
Project("{FAE04EC0-301F-11D3-BF4B-00C04F79EFBC}") = "7. Hot Potato", "7. Hot Potato\7. Hot Potato.csproj", "{4198D630-13D6-43B0-AB2A-DAA0635A7EEB}"
EndProject
Project("{FAE04EC0-301F-11D3-BF4B-00C04F79EFBC}") = "5. Print Even Numbers", "5. Print Even Numbers\5. Print Even Numbers.csproj", "{4763B164-21C9-4FAC-A783-F09E44835933}"
EndProject
Project("{FAE04EC0-301F-11D3-BF4B-00C04F79EFBC}") = "6. Supermarket", "6. Supermarket\6. Supermarket.csproj", "{77B7145C-369F-4A03-9B06-D8FC0F2DD18B}"
EndProject
Global
	GlobalSection(SolutionConfigurationPlatforms) = preSolution
		Debug|Any CPU = Debug|Any CPU
		Release|Any CPU = Release|Any CPU
	EndGlobalSection
	GlobalSection(ProjectConfigurationPlatforms) = postSolution
		{65A324C7-1186-4DE3-A466-39483F5EB3EC}.Debug|Any CPU.ActiveCfg = Debug|Any CPU
		{65A324C7-1186-4DE3-A466-39483F5EB3EC}.Debug|Any CPU.Build.0 = Debug|Any CPU
		{65A324C7-1186-4DE3-A466-39483F5EB3EC}.Release|Any CPU.ActiveCfg = Release|Any CPU
		{65A324C7-1186-4DE3-A466-39483F5EB3EC}.Release|Any CPU.Build.0 = Release|Any CPU
		{707D5932-DE39-4210-B928-97993DCAE62F}.Debug|Any CPU.ActiveCfg = Debug|Any CPU
		{707D5932-DE39-4210-B928-97993DCAE62F}.Debug|Any CPU.Build.0 = Debug|Any CPU
		{707D5932-DE39-4210-B928-97993DCAE62F}.Release|Any CPU.ActiveCfg = Release|Any CPU
		{707D5932-DE39-4210-B928-97993DCAE62F}.Release|Any CPU.Build.0 = Release|Any CPU
		{C6C7DF6C-39E7-4237-850E-3940428AF31A}.Debug|Any CPU.ActiveCfg = Debug|Any CPU
		{C6C7DF6C-39E7-4237-850E-3940428AF31A}.Debug|Any CPU.Build.0 = Debug|Any CPU
		{C6C7DF6C-39E7-4237-850E-3940428AF31A}.Release|Any CPU.ActiveCfg = Release|Any CPU
		{C6C7DF6C-39E7-4237-850E-3940428AF31A}.Release|Any CPU.Build.0 = Release|Any CPU
		{2D190485-B9A4-4E8E-B77F-285031DE19BB}.Debug|Any CPU.ActiveCfg = Debug|Any CPU
		{2D190485-B9A4-4E8E-B77F-285031DE19BB}.Debug|Any CPU.Build.0 = Debug|Any CPU
		{2D190485-B9A4-4E8E-B77F-285031DE19BB}.Release|Any CPU.ActiveCfg = Release|Any CPU
		{2D190485-B9A4-4E8E-B77F-285031DE19BB}.Release|Any CPU.Build.0 = Release|Any CPU
		{AD4C12D6-14BB-4895-BB37-EE7B6218AB82}.Debug|Any CPU.ActiveCfg = Debug|Any CPU
		{AD4C12D6-14BB-4895-BB37-EE7B6218AB82}.Debug|Any CPU.Build.0 = Debug|Any CPU
		{AD4C12D6-14BB-4895-BB37-EE7B6218AB82}.Release|Any CPU.ActiveCfg = Release|Any CPU
		{AD4C12D6-14BB-4895-BB37-EE7B6218AB82}.Release|Any CPU.Build.0 = Release|Any CPU
		{4198D630-13D6-43B0-AB2A-DAA0635A7EEB}.Debug|Any CPU.ActiveCfg = Debug|Any CPU
		{4198D630-13D6-43B0-AB2A-DAA0635A7EEB}.Debug|Any CPU.Build.0 = Debug|Any CPU
		{4198D630-13D6-43B0-AB2A-DAA0635A7EEB}.Release|Any CPU.ActiveCfg = Release|Any CPU
		{4198D630-13D6-43B0-AB2A-DAA0635A7EEB}.Release|Any CPU.Build.0 = Release|Any CPU
		{4763B164-21C9-4FAC-A783-F09E44835933}.Debug|Any CPU.ActiveCfg = Debug|Any CPU
		{4763B164-21C9-4FAC-A783-F09E44835933}.Debug|Any CPU.Build.0 = Debug|Any CPU
		{4763B164-21C9-4FAC-A783-F09E44835933}.Release|Any CPU.ActiveCfg = Release|Any CPU
		{4763B164-21C9-4FAC-A783-F09E44835933}.Release|Any CPU.Build.0 = Release|Any CPU
		{77B7145C-369F-4A03-9B06-D8FC0F2DD18B}.Debug|Any CPU.ActiveCfg = Debug|Any CPU
		{77B7145C-369F-4A03-9B06-D8FC0F2DD18B}.Debug|Any CPU.Build.0 = Debug|Any CPU
		{77B7145C-369F-4A03-9B06-D8FC0F2DD18B}.Release|Any CPU.ActiveCfg = Release|Any CPU
		{77B7145C-369F-4A03-9B06-D8FC0F2DD18B}.Release|Any CPU.Build.0 = Release|Any CPU
	EndGlobalSection
	GlobalSection(SolutionProperties) = preSolution
		HideSolutionNode = FALSE
	EndGlobalSection
	GlobalSection(ExtensibilityGlobals) = postSolution
		SolutionGuid = {AA1955AA-61C2-4FEC-85A2-3800289D1AFE}
	EndGlobalSection
EndGlobal
