
Microsoft Visual Studio Solution File, Format Version 12.00
# Visual Studio Version 17
VisualStudioVersion = 17.3.32922.545
MinimumVisualStudioVersion = 10.0.40219.1
Project("{FAE04EC0-301F-11D3-BF4B-00C04F79EFBC}") = "CarManufacturer", "CarManufacturer\CarManufacturer.csproj", "{1A3C4379-D9D3-4749-A689-D619234366AD}"
EndProject
Global
	GlobalSection(SolutionConfigurationPlatforms) = preSolution
		Debug|Any CPU = Debug|Any CPU
		Release|Any CPU = Release|Any CPU
	EndGlobalSection
	GlobalSection(ProjectConfigurationPlatforms) = postSolution
		{1A3C4379-D9D3-4749-A689-D619234366AD}.Debug|Any CPU.ActiveCfg = Debug|Any CPU
		{1A3C4379-D9D3-4749-A689-D619234366AD}.Debug|Any CPU.Build.0 = Debug|Any CPU
		{1A3C4379-D9D3-4749-A689-D619234366AD}.Release|Any CPU.ActiveCfg = Release|Any CPU
		{1A3C4379-D9D3-4749-A689-D619234366AD}.Release|Any CPU.Build.0 = Release|Any CPU
	EndGlobalSection
	GlobalSection(SolutionProperties) = preSolution
		HideSolutionNode = FALSE
	EndGlobalSection
	GlobalSection(ExtensibilityGlobals) = postSolution
		SolutionGuid = {5DF51018-5550-43F5-B070-44E3D35E2A23}
	EndGlobalSection
EndGlobal
