
Microsoft Visual Studio Solution File, Format Version 12.00
# Visual Studio Version 16
VisualStudioVersion = 16.0.32802.440
MinimumVisualStudioVersion = 10.0.40219.1
Project("{FAE04EC0-301F-11D3-BF4B-00C04F79EFBC}") = "01. Count Same Values in Array", "01. Count Same Values in Array\01. Count Same Values in Array.csproj", "{9E597079-BC20-46F6-AA64-AB6FF021A3D3}"
EndProject
Project("{FAE04EC0-301F-11D3-BF4B-00C04F79EFBC}") = "02. Average Student Grades", "02. Average Student Grades\02. Average Student Grades.csproj", "{D6048AD1-88A9-448D-9198-7B7C4736F9D0}"
EndProject
Project("{FAE04EC0-301F-11D3-BF4B-00C04F79EFBC}") = "03. Largest 3 Numbers", "03. Largest 3 Numbers\03. Largest 3 Numbers.csproj", "{C2974ED4-A790-482B-B620-3DE8B68088EA}"
EndProject
Project("{FAE04EC0-301F-11D3-BF4B-00C04F79EFBC}") = "05. Cities by Continent and Country", "05. Cities by Continent and Country\05. Cities by Continent and Country.csproj", "{FEBAF10B-AFAC-444D-B347-0F26267C7401}"
EndProject
Project("{FAE04EC0-301F-11D3-BF4B-00C04F79EFBC}") = "04. Product Shop", "04. Product Shop\04. Product Shop.csproj", "{AD4B34C9-871F-4066-8B1E-7A480E2E79A5}"
EndProject
Project("{FAE04EC0-301F-11D3-BF4B-00C04F79EFBC}") = "06. Record Unique Names", "06. Record Unique Names\06. Record Unique Names.csproj", "{CB653B0C-F933-4ADB-9C21-6AF27FFF33D9}"
EndProject
Project("{FAE04EC0-301F-11D3-BF4B-00C04F79EFBC}") = "07. Parking Lot", "07. Parking Lot\07. Parking Lot.csproj", "{7E39EF19-D688-4FA7-9B13-68C8521E33EB}"
EndProject
Project("{FAE04EC0-301F-11D3-BF4B-00C04F79EFBC}") = "08. SoftUni Party", "08. SoftUni Party\08. SoftUni Party.csproj", "{3C36D978-5FD8-4831-B3B2-4B5ECAFC06DE}"
EndProject
Global
	GlobalSection(SolutionConfigurationPlatforms) = preSolution
		Debug|Any CPU = Debug|Any CPU
		Release|Any CPU = Release|Any CPU
	EndGlobalSection
	GlobalSection(ProjectConfigurationPlatforms) = postSolution
		{9E597079-BC20-46F6-AA64-AB6FF021A3D3}.Debug|Any CPU.ActiveCfg = Debug|Any CPU
		{9E597079-BC20-46F6-AA64-AB6FF021A3D3}.Debug|Any CPU.Build.0 = Debug|Any CPU
		{9E597079-BC20-46F6-AA64-AB6FF021A3D3}.Release|Any CPU.ActiveCfg = Release|Any CPU
		{9E597079-BC20-46F6-AA64-AB6FF021A3D3}.Release|Any CPU.Build.0 = Release|Any CPU
		{D6048AD1-88A9-448D-9198-7B7C4736F9D0}.Debug|Any CPU.ActiveCfg = Debug|Any CPU
		{D6048AD1-88A9-448D-9198-7B7C4736F9D0}.Debug|Any CPU.Build.0 = Debug|Any CPU
		{D6048AD1-88A9-448D-9198-7B7C4736F9D0}.Release|Any CPU.ActiveCfg = Release|Any CPU
		{D6048AD1-88A9-448D-9198-7B7C4736F9D0}.Release|Any CPU.Build.0 = Release|Any CPU
		{C2974ED4-A790-482B-B620-3DE8B68088EA}.Debug|Any CPU.ActiveCfg = Debug|Any CPU
		{C2974ED4-A790-482B-B620-3DE8B68088EA}.Debug|Any CPU.Build.0 = Debug|Any CPU
		{C2974ED4-A790-482B-B620-3DE8B68088EA}.Release|Any CPU.ActiveCfg = Release|Any CPU
		{C2974ED4-A790-482B-B620-3DE8B68088EA}.Release|Any CPU.Build.0 = Release|Any CPU
		{FEBAF10B-AFAC-444D-B347-0F26267C7401}.Debug|Any CPU.ActiveCfg = Debug|Any CPU
		{FEBAF10B-AFAC-444D-B347-0F26267C7401}.Debug|Any CPU.Build.0 = Debug|Any CPU
		{FEBAF10B-AFAC-444D-B347-0F26267C7401}.Release|Any CPU.ActiveCfg = Release|Any CPU
		{FEBAF10B-AFAC-444D-B347-0F26267C7401}.Release|Any CPU.Build.0 = Release|Any CPU
		{AD4B34C9-871F-4066-8B1E-7A480E2E79A5}.Debug|Any CPU.ActiveCfg = Debug|Any CPU
		{AD4B34C9-871F-4066-8B1E-7A480E2E79A5}.Debug|Any CPU.Build.0 = Debug|Any CPU
		{AD4B34C9-871F-4066-8B1E-7A480E2E79A5}.Release|Any CPU.ActiveCfg = Release|Any CPU
		{AD4B34C9-871F-4066-8B1E-7A480E2E79A5}.Release|Any CPU.Build.0 = Release|Any CPU
		{CB653B0C-F933-4ADB-9C21-6AF27FFF33D9}.Debug|Any CPU.ActiveCfg = Debug|Any CPU
		{CB653B0C-F933-4ADB-9C21-6AF27FFF33D9}.Debug|Any CPU.Build.0 = Debug|Any CPU
		{CB653B0C-F933-4ADB-9C21-6AF27FFF33D9}.Release|Any CPU.ActiveCfg = Release|Any CPU
		{CB653B0C-F933-4ADB-9C21-6AF27FFF33D9}.Release|Any CPU.Build.0 = Release|Any CPU
		{7E39EF19-D688-4FA7-9B13-68C8521E33EB}.Debug|Any CPU.ActiveCfg = Debug|Any CPU
		{7E39EF19-D688-4FA7-9B13-68C8521E33EB}.Debug|Any CPU.Build.0 = Debug|Any CPU
		{7E39EF19-D688-4FA7-9B13-68C8521E33EB}.Release|Any CPU.ActiveCfg = Release|Any CPU
		{7E39EF19-D688-4FA7-9B13-68C8521E33EB}.Release|Any CPU.Build.0 = Release|Any CPU
		{3C36D978-5FD8-4831-B3B2-4B5ECAFC06DE}.Debug|Any CPU.ActiveCfg = Debug|Any CPU
		{3C36D978-5FD8-4831-B3B2-4B5ECAFC06DE}.Debug|Any CPU.Build.0 = Debug|Any CPU
		{3C36D978-5FD8-4831-B3B2-4B5ECAFC06DE}.Release|Any CPU.ActiveCfg = Release|Any CPU
		{3C36D978-5FD8-4831-B3B2-4B5ECAFC06DE}.Release|Any CPU.Build.0 = Release|Any CPU
	EndGlobalSection
	GlobalSection(SolutionProperties) = preSolution
		HideSolutionNode = FALSE
	EndGlobalSection
	GlobalSection(ExtensibilityGlobals) = postSolution
		SolutionGuid = {454A0442-C681-4036-8EC2-ABE2669FC6D6}
	EndGlobalSection
EndGlobal
