
Microsoft Visual Studio Solution File, Format Version 12.00
# Visual Studio Version 16
VisualStudioVersion = 16.0.32002.261
MinimumVisualStudioVersion = 10.0.40219.1
Project("{FAE04EC0-301F-11D3-BF4B-00C04F79EFBC}") = "01. Basic Stack Operations", "01. Basic Stack Operations\01. Basic Stack Operations.csproj", "{15B3472C-028E-464F-98AE-8EACC6313F0F}"
EndProject
Project("{FAE04EC0-301F-11D3-BF4B-00C04F79EFBC}") = "02. Basic Queue Operations", "02. Basic Queue Operations\02. Basic Queue Operations.csproj", "{30C90948-6B8C-4343-B9DB-C79BDCB95601}"
EndProject
Project("{FAE04EC0-301F-11D3-BF4B-00C04F79EFBC}") = "04. Fast Food", "04. Fast Food\04. Fast Food.csproj", "{76222B56-5989-4AE3-A6E8-DBA6ED0352DE}"
EndProject
Project("{FAE04EC0-301F-11D3-BF4B-00C04F79EFBC}") = "07. Truck Tour", "07. Truck Tour\07. Truck Tour.csproj", "{4BF6E850-D8C9-4052-B937-3D8CF5B5280B}"
EndProject
Project("{FAE04EC0-301F-11D3-BF4B-00C04F79EFBC}") = "08. Balanced Parenthesis", "08. Balanced Parenthesis\08. Balanced Parenthesis.csproj", "{415D2AF6-EBA7-42B7-B697-C61D07DB1701}"
EndProject
Project("{FAE04EC0-301F-11D3-BF4B-00C04F79EFBC}") = "10. Crossroads", "10. Crossroads\10. Crossroads.csproj", "{DA3DB212-101C-4096-B149-E8F789FCD4FB}"
EndProject
Global
	GlobalSection(SolutionConfigurationPlatforms) = preSolution
		Debug|Any CPU = Debug|Any CPU
		Release|Any CPU = Release|Any CPU
	EndGlobalSection
	GlobalSection(ProjectConfigurationPlatforms) = postSolution
		{15B3472C-028E-464F-98AE-8EACC6313F0F}.Debug|Any CPU.ActiveCfg = Debug|Any CPU
		{15B3472C-028E-464F-98AE-8EACC6313F0F}.Debug|Any CPU.Build.0 = Debug|Any CPU
		{15B3472C-028E-464F-98AE-8EACC6313F0F}.Release|Any CPU.ActiveCfg = Release|Any CPU
		{15B3472C-028E-464F-98AE-8EACC6313F0F}.Release|Any CPU.Build.0 = Release|Any CPU
		{30C90948-6B8C-4343-B9DB-C79BDCB95601}.Debug|Any CPU.ActiveCfg = Debug|Any CPU
		{30C90948-6B8C-4343-B9DB-C79BDCB95601}.Debug|Any CPU.Build.0 = Debug|Any CPU
		{30C90948-6B8C-4343-B9DB-C79BDCB95601}.Release|Any CPU.ActiveCfg = Release|Any CPU
		{30C90948-6B8C-4343-B9DB-C79BDCB95601}.Release|Any CPU.Build.0 = Release|Any CPU
		{76222B56-5989-4AE3-A6E8-DBA6ED0352DE}.Debug|Any CPU.ActiveCfg = Debug|Any CPU
		{76222B56-5989-4AE3-A6E8-DBA6ED0352DE}.Debug|Any CPU.Build.0 = Debug|Any CPU
		{76222B56-5989-4AE3-A6E8-DBA6ED0352DE}.Release|Any CPU.ActiveCfg = Release|Any CPU
		{76222B56-5989-4AE3-A6E8-DBA6ED0352DE}.Release|Any CPU.Build.0 = Release|Any CPU
		{4BF6E850-D8C9-4052-B937-3D8CF5B5280B}.Debug|Any CPU.ActiveCfg = Debug|Any CPU
		{4BF6E850-D8C9-4052-B937-3D8CF5B5280B}.Debug|Any CPU.Build.0 = Debug|Any CPU
		{4BF6E850-D8C9-4052-B937-3D8CF5B5280B}.Release|Any CPU.ActiveCfg = Release|Any CPU
		{4BF6E850-D8C9-4052-B937-3D8CF5B5280B}.Release|Any CPU.Build.0 = Release|Any CPU
		{415D2AF6-EBA7-42B7-B697-C61D07DB1701}.Debug|Any CPU.ActiveCfg = Debug|Any CPU
		{415D2AF6-EBA7-42B7-B697-C61D07DB1701}.Debug|Any CPU.Build.0 = Debug|Any CPU
		{415D2AF6-EBA7-42B7-B697-C61D07DB1701}.Release|Any CPU.ActiveCfg = Release|Any CPU
		{415D2AF6-EBA7-42B7-B697-C61D07DB1701}.Release|Any CPU.Build.0 = Release|Any CPU
		{DA3DB212-101C-4096-B149-E8F789FCD4FB}.Debug|Any CPU.ActiveCfg = Debug|Any CPU
		{DA3DB212-101C-4096-B149-E8F789FCD4FB}.Debug|Any CPU.Build.0 = Debug|Any CPU
		{DA3DB212-101C-4096-B149-E8F789FCD4FB}.Release|Any CPU.ActiveCfg = Release|Any CPU
		{DA3DB212-101C-4096-B149-E8F789FCD4FB}.Release|Any CPU.Build.0 = Release|Any CPU
	EndGlobalSection
	GlobalSection(SolutionProperties) = preSolution
		HideSolutionNode = FALSE
	EndGlobalSection
	GlobalSection(ExtensibilityGlobals) = postSolution
		SolutionGuid = {4592E133-2A8D-41B7-B5F3-9CBBF53B5123}
	EndGlobalSection
EndGlobal
