
Microsoft Visual Studio Solution File, Format Version 12.00
# Visual Studio Version 17
VisualStudioVersion = 17.4.33110.190
MinimumVisualStudioVersion = 10.0.40219.1
Project("{FAE04EC0-301F-11D3-BF4B-00C04F79EFBC}") = "PrototypePattern", "PrototypePattern\PrototypePattern.csproj", "{2AFA4BEE-9113-46C8-AB4D-29AC0C85117E}"
EndProject
Project("{FAE04EC0-301F-11D3-BF4B-00C04F79EFBC}") = "CompositePattern", "CompositePattern\CompositePattern.csproj", "{53637A72-FA8E-4F68-AFB8-B65782BE21FE}"
EndProject
Global
	GlobalSection(SolutionConfigurationPlatforms) = preSolution
		Debug|Any CPU = Debug|Any CPU
		Release|Any CPU = Release|Any CPU
	EndGlobalSection
	GlobalSection(ProjectConfigurationPlatforms) = postSolution
		{2AFA4BEE-9113-46C8-AB4D-29AC0C85117E}.Debug|Any CPU.ActiveCfg = Debug|Any CPU
		{2AFA4BEE-9113-46C8-AB4D-29AC0C85117E}.Debug|Any CPU.Build.0 = Debug|Any CPU
		{2AFA4BEE-9113-46C8-AB4D-29AC0C85117E}.Release|Any CPU.ActiveCfg = Release|Any CPU
		{2AFA4BEE-9113-46C8-AB4D-29AC0C85117E}.Release|Any CPU.Build.0 = Release|Any CPU
		{53637A72-FA8E-4F68-AFB8-B65782BE21FE}.Debug|Any CPU.ActiveCfg = Debug|Any CPU
		{53637A72-FA8E-4F68-AFB8-B65782BE21FE}.Debug|Any CPU.Build.0 = Debug|Any CPU
		{53637A72-FA8E-4F68-AFB8-B65782BE21FE}.Release|Any CPU.ActiveCfg = Release|Any CPU
		{53637A72-FA8E-4F68-AFB8-B65782BE21FE}.Release|Any CPU.Build.0 = Release|Any CPU
	EndGlobalSection
	GlobalSection(SolutionProperties) = preSolution
		HideSolutionNode = FALSE
	EndGlobalSection
	GlobalSection(ExtensibilityGlobals) = postSolution
		SolutionGuid = {4E5C1DE4-57DA-4135-9380-CBA6EF5F3D10}
	EndGlobalSection
EndGlobal
